// !$*UTF8*$!
{
	archiveVersion = 1;
	classes = {
	};
	objectVersion = 55;
	objects = {

/* Begin PBXBuildFile section */
		01DA095627E94AF600A8EB41 /* BookCell.swift in Sources */ = {isa = PBXBuildFile; fileRef = 01DA095527E94AF600A8EB41 /* BookCell.swift */; };
		01F8B83727E68EB1001D0106 /* AppDelegate.swift in Sources */ = {isa = PBXBuildFile; fileRef = 01F8B83627E68EB1001D0106 /* AppDelegate.swift */; };
		01F8B83927E68EB1001D0106 /* SceneDelegate.swift in Sources */ = {isa = PBXBuildFile; fileRef = 01F8B83827E68EB1001D0106 /* SceneDelegate.swift */; };
		01F8B83B27E68EB1001D0106 /* LibraryViewController.swift in Sources */ = {isa = PBXBuildFile; fileRef = 01F8B83A27E68EB1001D0106 /* LibraryViewController.swift */; };
		01F8B83E27E68EB1001D0106 /* Main.storyboard in Resources */ = {isa = PBXBuildFile; fileRef = 01F8B83C27E68EB1001D0106 /* Main.storyboard */; };
		01F8B84027E68EB2001D0106 /* Assets.xcassets in Resources */ = {isa = PBXBuildFile; fileRef = 01F8B83F27E68EB2001D0106 /* Assets.xcassets */; };
		01F8B84327E68EB2001D0106 /* LaunchScreen.storyboard in Resources */ = {isa = PBXBuildFile; fileRef = 01F8B84127E68EB2001D0106 /* LaunchScreen.storyboard */; };
		01F8B84E27E68EB2001D0106 /* ReadMeTests.swift in Sources */ = {isa = PBXBuildFile; fileRef = 01F8B84D27E68EB2001D0106 /* ReadMeTests.swift */; };
		01F8B85827E68EB2001D0106 /* ReadMeUITests.swift in Sources */ = {isa = PBXBuildFile; fileRef = 01F8B85727E68EB2001D0106 /* ReadMeUITests.swift */; };
		01F8B85A27E68EB2001D0106 /* ReadMeUITestsLaunchTests.swift in Sources */ = {isa = PBXBuildFile; fileRef = 01F8B85927E68EB2001D0106 /* ReadMeUITestsLaunchTests.swift */; };
		01F8B86827E691E6001D0106 /* Book.swift in Sources */ = {isa = PBXBuildFile; fileRef = 01F8B86727E691E6001D0106 /* Book.swift */; };
		01F8B86B27E698F3001D0106 /* Library.swift in Sources */ = {isa = PBXBuildFile; fileRef = 01F8B86A27E698F3001D0106 /* Library.swift */; };
		01F8B86D27E69E1E001D0106 /* DetailViewController.swift in Sources */ = {isa = PBXBuildFile; fileRef = 01F8B86C27E69E1E001D0106 /* DetailViewController.swift */; };
/* End PBXBuildFile section */

/* Begin PBXContainerItemProxy section */
		01F8B84A27E68EB2001D0106 /* PBXContainerItemProxy */ = {
			isa = PBXContainerItemProxy;
			containerPortal = 01F8B82B27E68EB1001D0106 /* Project object */;
			proxyType = 1;
			remoteGlobalIDString = 01F8B83227E68EB1001D0106;
			remoteInfo = ReadMe;
		};
		01F8B85427E68EB2001D0106 /* PBXContainerItemProxy */ = {
			isa = PBXContainerItemProxy;
			containerPortal = 01F8B82B27E68EB1001D0106 /* Project object */;
			proxyType = 1;
			remoteGlobalIDString = 01F8B83227E68EB1001D0106;
			remoteInfo = ReadMe;
		};
/* End PBXContainerItemProxy section */

/* Begin PBXFileReference section */
		01DA095527E94AF600A8EB41 /* BookCell.swift */ = {isa = PBXFileReference; lastKnownFileType = sourcecode.swift; path = BookCell.swift; sourceTree = "<group>"; };
		01F8B83327E68EB1001D0106 /* ReadMe.app */ = {isa = PBXFileReference; explicitFileType = wrapper.application; includeInIndex = 0; path = ReadMe.app; sourceTree = BUILT_PRODUCTS_DIR; };
		01F8B83627E68EB1001D0106 /* AppDelegate.swift */ = {isa = PBXFileReference; lastKnownFileType = sourcecode.swift; path = AppDelegate.swift; sourceTree = "<group>"; };
		01F8B83827E68EB1001D0106 /* SceneDelegate.swift */ = {isa = PBXFileReference; lastKnownFileType = sourcecode.swift; path = SceneDelegate.swift; sourceTree = "<group>"; };
		01F8B83A27E68EB1001D0106 /* LibraryViewController.swift */ = {isa = PBXFileReference; lastKnownFileType = sourcecode.swift; path = LibraryViewController.swift; sourceTree = "<group>"; };
		01F8B83D27E68EB1001D0106 /* Base */ = {isa = PBXFileReference; lastKnownFileType = file.storyboard; name = Base; path = Base.lproj/Main.storyboard; sourceTree = "<group>"; };
		01F8B83F27E68EB2001D0106 /* Assets.xcassets */ = {isa = PBXFileReference; lastKnownFileType = folder.assetcatalog; path = Assets.xcassets; sourceTree = "<group>"; };
		01F8B84227E68EB2001D0106 /* Base */ = {isa = PBXFileReference; lastKnownFileType = file.storyboard; name = Base; path = Base.lproj/LaunchScreen.storyboard; sourceTree = "<group>"; };
		01F8B84427E68EB2001D0106 /* Info.plist */ = {isa = PBXFileReference; lastKnownFileType = text.plist.xml; path = Info.plist; sourceTree = "<group>"; };
		01F8B84927E68EB2001D0106 /* ReadMeTests.xctest */ = {isa = PBXFileReference; explicitFileType = wrapper.cfbundle; includeInIndex = 0; path = ReadMeTests.xctest; sourceTree = BUILT_PRODUCTS_DIR; };
		01F8B84D27E68EB2001D0106 /* ReadMeTests.swift */ = {isa = PBXFileReference; lastKnownFileType = sourcecode.swift; path = ReadMeTests.swift; sourceTree = "<group>"; };
		01F8B85327E68EB2001D0106 /* ReadMeUITests.xctest */ = {isa = PBXFileReference; explicitFileType = wrapper.cfbundle; includeInIndex = 0; path = ReadMeUITests.xctest; sourceTree = BUILT_PRODUCTS_DIR; };
		01F8B85727E68EB2001D0106 /* ReadMeUITests.swift */ = {isa = PBXFileReference; lastKnownFileType = sourcecode.swift; path = ReadMeUITests.swift; sourceTree = "<group>"; };
		01F8B85927E68EB2001D0106 /* ReadMeUITestsLaunchTests.swift */ = {isa = PBXFileReference; lastKnownFileType = sourcecode.swift; path = ReadMeUITestsLaunchTests.swift; sourceTree = "<group>"; };
		01F8B86727E691E6001D0106 /* Book.swift */ = {isa = PBXFileReference; lastKnownFileType = sourcecode.swift; path = Book.swift; sourceTree = "<group>"; };
		01F8B86A27E698F3001D0106 /* Library.swift */ = {isa = PBXFileReference; fileEncoding = 4; lastKnownFileType = sourcecode.swift; path = Library.swift; sourceTree = "<group>"; };
		01F8B86C27E69E1E001D0106 /* DetailViewController.swift */ = {isa = PBXFileReference; lastKnownFileType = sourcecode.swift; path = DetailViewController.swift; sourceTree = "<group>"; };
/* End PBXFileReference section */

/* Begin PBXFrameworksBuildPhase section */
		01F8B83027E68EB1001D0106 /* Frameworks */ = {
			isa = PBXFrameworksBuildPhase;
			buildActionMask = 2147483647;
			files = (
			);
			runOnlyForDeploymentPostprocessing = 0;
		};
		01F8B84627E68EB2001D0106 /* Frameworks */ = {
			isa = PBXFrameworksBuildPhase;
			buildActionMask = 2147483647;
			files = (
			);
			runOnlyForDeploymentPostprocessing = 0;
		};
		01F8B85027E68EB2001D0106 /* Frameworks */ = {
			isa = PBXFrameworksBuildPhase;
			buildActionMask = 2147483647;
			files = (
			);
			runOnlyForDeploymentPostprocessing = 0;
		};
/* End PBXFrameworksBuildPhase section */

/* Begin PBXGroup section */
		01F8B82A27E68EB1001D0106 = {
			isa = PBXGroup;
			children = (
				01F8B83527E68EB1001D0106 /* ReadMe */,
				01F8B84C27E68EB2001D0106 /* ReadMeTests */,
				01F8B85627E68EB2001D0106 /* ReadMeUITests */,
				01F8B83427E68EB1001D0106 /* Products */,
			);
			sourceTree = "<group>";
		};
		01F8B83427E68EB1001D0106 /* Products */ = {
			isa = PBXGroup;
			children = (
				01F8B83327E68EB1001D0106 /* ReadMe.app */,
				01F8B84927E68EB2001D0106 /* ReadMeTests.xctest */,
				01F8B85327E68EB2001D0106 /* ReadMeUITests.xctest */,
			);
			name = Products;
			sourceTree = "<group>";
		};
		01F8B83527E68EB1001D0106 /* ReadMe */ = {
			isa = PBXGroup;
			children = (
				01F8B86927E692FD001D0106 /* Controllers */,
				01F8B86627E691D5001D0106 /* Models */,
				01F8B83627E68EB1001D0106 /* AppDelegate.swift */,
				01F8B83827E68EB1001D0106 /* SceneDelegate.swift */,
				01F8B83C27E68EB1001D0106 /* Main.storyboard */,
				01F8B83F27E68EB2001D0106 /* Assets.xcassets */,
				01F8B84127E68EB2001D0106 /* LaunchScreen.storyboard */,
				01F8B84427E68EB2001D0106 /* Info.plist */,
				01DA095527E94AF600A8EB41 /* BookCell.swift */,
			);
			path = ReadMe;
			sourceTree = "<group>";
		};
		01F8B84C27E68EB2001D0106 /* ReadMeTests */ = {
			isa = PBXGroup;
			children = (
				01F8B84D27E68EB2001D0106 /* ReadMeTests.swift */,
			);
			path = ReadMeTests;
			sourceTree = "<group>";
		};
		01F8B85627E68EB2001D0106 /* ReadMeUITests */ = {
			isa = PBXGroup;
			children = (
				01F8B85727E68EB2001D0106 /* ReadMeUITests.swift */,
				01F8B85927E68EB2001D0106 /* ReadMeUITestsLaunchTests.swift */,
			);
			path = ReadMeUITests;
			sourceTree = "<group>";
		};
		01F8B86627E691D5001D0106 /* Models */ = {
			isa = PBXGroup;
			children = (
				01F8B86A27E698F3001D0106 /* Library.swift */,
				01F8B86727E691E6001D0106 /* Book.swift */,
			);
			path = Models;
			sourceTree = "<group>";
		};
		01F8B86927E692FD001D0106 /* Controllers */ = {
			isa = PBXGroup;
			children = (
				01F8B83A27E68EB1001D0106 /* LibraryViewController.swift */,
				01F8B86C27E69E1E001D0106 /* DetailViewController.swift */,
			);
			path = Controllers;
			sourceTree = "<group>";
		};
/* End PBXGroup section */

/* Begin PBXNativeTarget section */
		01F8B83227E68EB1001D0106 /* ReadMe */ = {
			isa = PBXNativeTarget;
			buildConfigurationList = 01F8B85D27E68EB2001D0106 /* Build configuration list for PBXNativeTarget "ReadMe" */;
			buildPhases = (
				01F8B82F27E68EB1001D0106 /* Sources */,
				01F8B83027E68EB1001D0106 /* Frameworks */,
				01F8B83127E68EB1001D0106 /* Resources */,
			);
			buildRules = (
			);
			dependencies = (
			);
			name = ReadMe;
			productName = ReadMe;
			productReference = 01F8B83327E68EB1001D0106 /* ReadMe.app */;
			productType = "com.apple.product-type.application";
		};
		01F8B84827E68EB2001D0106 /* ReadMeTests */ = {
			isa = PBXNativeTarget;
			buildConfigurationList = 01F8B86027E68EB2001D0106 /* Build configuration list for PBXNativeTarget "ReadMeTests" */;
			buildPhases = (
				01F8B84527E68EB2001D0106 /* Sources */,
				01F8B84627E68EB2001D0106 /* Frameworks */,
				01F8B84727E68EB2001D0106 /* Resources */,
			);
			buildRules = (
			);
			dependencies = (
				01F8B84B27E68EB2001D0106 /* PBXTargetDependency */,
			);
			name = ReadMeTests;
			productName = ReadMeTests;
			productReference = 01F8B84927E68EB2001D0106 /* ReadMeTests.xctest */;
			productType = "com.apple.product-type.bundle.unit-test";
		};
		01F8B85227E68EB2001D0106 /* ReadMeUITests */ = {
			isa = PBXNativeTarget;
			buildConfigurationList = 01F8B86327E68EB2001D0106 /* Build configuration list for PBXNativeTarget "ReadMeUITests" */;
			buildPhases = (
				01F8B84F27E68EB2001D0106 /* Sources */,
				01F8B85027E68EB2001D0106 /* Frameworks */,
				01F8B85127E68EB2001D0106 /* Resources */,
			);
			buildRules = (
			);
			dependencies = (
				01F8B85527E68EB2001D0106 /* PBXTargetDependency */,
			);
			name = ReadMeUITests;
			productName = ReadMeUITests;
			productReference = 01F8B85327E68EB2001D0106 /* ReadMeUITests.xctest */;
			productType = "com.apple.product-type.bundle.ui-testing";
		};
/* End PBXNativeTarget section */

/* Begin PBXProject section */
		01F8B82B27E68EB1001D0106 /* Project object */ = {
			isa = PBXProject;
			attributes = {
				BuildIndependentTargetsInParallel = 1;
				LastSwiftUpdateCheck = 1320;
				LastUpgradeCheck = 1320;
				TargetAttributes = {
					01F8B83227E68EB1001D0106 = {
						CreatedOnToolsVersion = 13.2.1;
					};
					01F8B84827E68EB2001D0106 = {
						CreatedOnToolsVersion = 13.2.1;
						TestTargetID = 01F8B83227E68EB1001D0106;
					};
					01F8B85227E68EB2001D0106 = {
						CreatedOnToolsVersion = 13.2.1;
						TestTargetID = 01F8B83227E68EB1001D0106;
					};
				};
			};
			buildConfigurationList = 01F8B82E27E68EB1001D0106 /* Build configuration list for PBXProject "ReadMe" */;
			compatibilityVersion = "Xcode 13.0";
			developmentRegion = en;
			hasScannedForEncodings = 0;
			knownRegions = (
				en,
				Base,
			);
			mainGroup = 01F8B82A27E68EB1001D0106;
			productRefGroup = 01F8B83427E68EB1001D0106 /* Products */;
			projectDirPath = "";
			projectRoot = "";
			targets = (
				01F8B83227E68EB1001D0106 /* ReadMe */,
				01F8B84827E68EB2001D0106 /* ReadMeTests */,
				01F8B85227E68EB2001D0106 /* ReadMeUITests */,
			);
		};
/* End PBXProject section */

/* Begin PBXResourcesBuildPhase section */
		01F8B83127E68EB1001D0106 /* Resources */ = {
			isa = PBXResourcesBuildPhase;
			buildActionMask = 2147483647;
			files = (
				01F8B84327E68EB2001D0106 /* LaunchScreen.storyboard in Resources */,
				01F8B84027E68EB2001D0106 /* Assets.xcassets in Resources */,
				01F8B83E27E68EB1001D0106 /* Main.storyboard in Resources */,
			);
			runOnlyForDeploymentPostprocessing = 0;
		};
		01F8B84727E68EB2001D0106 /* Resources */ = {
			isa = PBXResourcesBuildPhase;
			buildActionMask = 2147483647;
			files = (
			);
			runOnlyForDeploymentPostprocessing = 0;
		};
		01F8B85127E68EB2001D0106 /* Resources */ = {
			isa = PBXResourcesBuildPhase;
			buildActionMask = 2147483647;
			files = (
			);
			runOnlyForDeploymentPostprocessing = 0;
		};
/* End PBXResourcesBuildPhase section */

/* Begin PBXSourcesBuildPhase section */
		01F8B82F27E68EB1001D0106 /* Sources */ = {
			isa = PBXSourcesBuildPhase;
			buildActionMask = 2147483647;
			files = (
				01F8B86827E691E6001D0106 /* Book.swift in Sources */,
				01F8B83B27E68EB1001D0106 /* LibraryViewController.swift in Sources */,
				01F8B86B27E698F3001D0106 /* Library.swift in Sources */,
				01DA095627E94AF600A8EB41 /* BookCell.swift in Sources */,
				01F8B86D27E69E1E001D0106 /* DetailViewController.swift in Sources */,
				01F8B83727E68EB1001D0106 /* AppDelegate.swift in Sources */,
				01F8B83927E68EB1001D0106 /* SceneDelegate.swift in Sources */,
			);
			runOnlyForDeploymentPostprocessing = 0;
		};
		01F8B84527E68EB2001D0106 /* Sources */ = {
			isa = PBXSourcesBuildPhase;
			buildActionMask = 2147483647;
			files = (
				01F8B84E27E68EB2001D0106 /* ReadMeTests.swift in Sources */,
			);
			runOnlyForDeploymentPostprocessing = 0;
		};
		01F8B84F27E68EB2001D0106 /* Sources */ = {
			isa = PBXSourcesBuildPhase;
			buildActionMask = 2147483647;
			files = (
				01F8B85A27E68EB2001D0106 /* ReadMeUITestsLaunchTests.swift in Sources */,
				01F8B85827E68EB2001D0106 /* ReadMeUITests.swift in Sources */,
			);
			runOnlyForDeploymentPostprocessing = 0;
		};
/* End PBXSourcesBuildPhase section */

/* Begin PBXTargetDependency section */
		01F8B84B27E68EB2001D0106 /* PBXTargetDependency */ = {
			isa = PBXTargetDependency;
			target = 01F8B83227E68EB1001D0106 /* ReadMe */;
			targetProxy = 01F8B84A27E68EB2001D0106 /* PBXContainerItemProxy */;
		};
		01F8B85527E68EB2001D0106 /* PBXTargetDependency */ = {
			isa = PBXTargetDependency;
			target = 01F8B83227E68EB1001D0106 /* ReadMe */;
			targetProxy = 01F8B85427E68EB2001D0106 /* PBXContainerItemProxy */;
		};
/* End PBXTargetDependency section */

/* Begin PBXVariantGroup section */
		01F8B83C27E68EB1001D0106 /* Main.storyboard */ = {
			isa = PBXVariantGroup;
			children = (
				01F8B83D27E68EB1001D0106 /* Base */,
			);
			name = Main.storyboard;
			sourceTree = "<group>";
		};
		01F8B84127E68EB2001D0106 /* LaunchScreen.storyboard */ = {
			isa = PBXVariantGroup;
			children = (
				01F8B84227E68EB2001D0106 /* Base */,
			);
			name = LaunchScreen.storyboard;
			sourceTree = "<group>";
		};
/* End PBXVariantGroup section */

/* Begin XCBuildConfiguration section */
		01F8B85B27E68EB2001D0106 /* Debug */ = {
			isa = XCBuildConfiguration;
			buildSettings = {
				ALWAYS_SEARCH_USER_PATHS = NO;
				CLANG_ANALYZER_NONNULL = YES;
				CLANG_ANALYZER_NUMBER_OBJECT_CONVERSION = YES_AGGRESSIVE;
				CLANG_CXX_LANGUAGE_STANDARD = "gnu++17";
				CLANG_CXX_LIBRARY = "libc++";
				CLANG_ENABLE_MODULES = YES;
				CLANG_ENABLE_OBJC_ARC = YES;
				CLANG_ENABLE_OBJC_WEAK = YES;
				CLANG_WARN_BLOCK_CAPTURE_AUTORELEASING = YES;
				CLANG_WARN_BOOL_CONVERSION = YES;
				CLANG_WARN_COMMA = YES;
				CLANG_WARN_CONSTANT_CONVERSION = YES;
				CLANG_WARN_DEPRECATED_OBJC_IMPLEMENTATIONS = YES;
				CLANG_WARN_DIRECT_OBJC_ISA_USAGE = YES_ERROR;
				CLANG_WARN_DOCUMENTATION_COMMENTS = YES;
				CLANG_WARN_EMPTY_BODY = YES;
				CLANG_WARN_ENUM_CONVERSION = YES;
				CLANG_WARN_INFINITE_RECURSION = YES;
				CLANG_WARN_INT_CONVERSION = YES;
				CLANG_WARN_NON_LITERAL_NULL_CONVERSION = YES;
				CLANG_WARN_OBJC_IMPLICIT_RETAIN_SELF = YES;
				CLANG_WARN_OBJC_LITERAL_CONVERSION = YES;
				CLANG_WARN_OBJC_ROOT_CLASS = YES_ERROR;
				CLANG_WARN_QUOTED_INCLUDE_IN_FRAMEWORK_HEADER = YES;
				CLANG_WARN_RANGE_LOOP_ANALYSIS = YES;
				CLANG_WARN_STRICT_PROTOTYPES = YES;
				CLANG_WARN_SUSPICIOUS_MOVE = YES;
				CLANG_WARN_UNGUARDED_AVAILABILITY = YES_AGGRESSIVE;
				CLANG_WARN_UNREACHABLE_CODE = YES;
				CLANG_WARN__DUPLICATE_METHOD_MATCH = YES;
				COPY_PHASE_STRIP = NO;
				DEBUG_INFORMATION_FORMAT = dwarf;
				ENABLE_STRICT_OBJC_MSGSEND = YES;
				ENABLE_TESTABILITY = YES;
				GCC_C_LANGUAGE_STANDARD = gnu11;
				GCC_DYNAMIC_NO_PIC = NO;
				GCC_NO_COMMON_BLOCKS = YES;
				GCC_OPTIMIZATION_LEVEL = 0;
				GCC_PREPROCESSOR_DEFINITIONS = (
					"DEBUG=1",
					"$(inherited)",
				);
				GCC_WARN_64_TO_32_BIT_CONVERSION = YES;
				GCC_WARN_ABOUT_RETURN_TYPE = YES_ERROR;
				GCC_WARN_UNDECLARED_SELECTOR = YES;
				GCC_WARN_UNINITIALIZED_AUTOS = YES_AGGRESSIVE;
				GCC_WARN_UNUSED_FUNCTION = YES;
				GCC_WARN_UNUSED_VARIABLE = YES;
				IPHONEOS_DEPLOYMENT_TARGET = 15.2;
				MTL_ENABLE_DEBUG_INFO = INCLUDE_SOURCE;
				MTL_FAST_MATH = YES;
				ONLY_ACTIVE_ARCH = YES;
				SDKROOT = iphoneos;
				SWIFT_ACTIVE_COMPILATION_CONDITIONS = DEBUG;
				SWIFT_OPTIMIZATION_LEVEL = "-Onone";
			};
			name = Debug;
		};
		01F8B85C27E68EB2001D0106 /* Release */ = {
			isa = XCBuildConfiguration;
			buildSettings = {
				ALWAYS_SEARCH_USER_PATHS = NO;
				CLANG_ANALYZER_NONNULL = YES;
				CLANG_ANALYZER_NUMBER_OBJECT_CONVERSION = YES_AGGRESSIVE;
				CLANG_CXX_LANGUAGE_STANDARD = "gnu++17";
				CLANG_CXX_LIBRARY = "libc++";
				CLANG_ENABLE_MODULES = YES;
				CLANG_ENABLE_OBJC_ARC = YES;
				CLANG_ENABLE_OBJC_WEAK = YES;
				CLANG_WARN_BLOCK_CAPTURE_AUTORELEASING = YES;
				CLANG_WARN_BOOL_CONVERSION = YES;
				CLANG_WARN_COMMA = YES;
				CLANG_WARN_CONSTANT_CONVERSION = YES;
				CLANG_WARN_DEPRECATED_OBJC_IMPLEMENTATIONS = YES;
				CLANG_WARN_DIRECT_OBJC_ISA_USAGE = YES_ERROR;
				CLANG_WARN_DOCUMENTATION_COMMENTS = YES;
				CLANG_WARN_EMPTY_BODY = YES;
				CLANG_WARN_ENUM_CONVERSION = YES;
				CLANG_WARN_INFINITE_RECURSION = YES;
				CLANG_WARN_INT_CONVERSION = YES;
				CLANG_WARN_NON_LITERAL_NULL_CONVERSION = YES;
				CLANG_WARN_OBJC_IMPLICIT_RETAIN_SELF = YES;
				CLANG_WARN_OBJC_LITERAL_CONVERSION = YES;
				CLANG_WARN_OBJC_ROOT_CLASS = YES_ERROR;
				CLANG_WARN_QUOTED_INCLUDE_IN_FRAMEWORK_HEADER = YES;
				CLANG_WARN_RANGE_LOOP_ANALYSIS = YES;
				CLANG_WARN_STRICT_PROTOTYPES = YES;
				CLANG_WARN_SUSPICIOUS_MOVE = YES;
				CLANG_WARN_UNGUARDED_AVAILABILITY = YES_AGGRESSIVE;
				CLANG_WARN_UNREACHABLE_CODE = YES;
				CLANG_WARN__DUPLICATE_METHOD_MATCH = YES;
				COPY_PHASE_STRIP = NO;
				DEBUG_INFORMATION_FORMAT = "dwarf-with-dsym";
				ENABLE_NS_ASSERTIONS = NO;
				ENABLE_STRICT_OBJC_MSGSEND = YES;
				GCC_C_LANGUAGE_STANDARD = gnu11;
				GCC_NO_COMMON_BLOCKS = YES;
				GCC_WARN_64_TO_32_BIT_CONVERSION = YES;
				GCC_WARN_ABOUT_RETURN_TYPE = YES_ERROR;
				GCC_WARN_UNDECLARED_SELECTOR = YES;
				GCC_WARN_UNINITIALIZED_AUTOS = YES_AGGRESSIVE;
				GCC_WARN_UNUSED_FUNCTION = YES;
				GCC_WARN_UNUSED_VARIABLE = YES;
				IPHONEOS_DEPLOYMENT_TARGET = 15.2;
				MTL_ENABLE_DEBUG_INFO = NO;
				MTL_FAST_MATH = YES;
				SDKROOT = iphoneos;
				SWIFT_COMPILATION_MODE = wholemodule;
				SWIFT_OPTIMIZATION_LEVEL = "-O";
				VALIDATE_PRODUCT = YES;
			};
			name = Release;
		};
		01F8B85E27E68EB2001D0106 /* Debug */ = {
			isa = XCBuildConfiguration;
			buildSettings = {
				ASSETCATALOG_COMPILER_APPICON_NAME = AppIcon;
				ASSETCATALOG_COMPILER_GLOBAL_ACCENT_COLOR_NAME = AccentColor;
				CODE_SIGN_STYLE = Automatic;
				CURRENT_PROJECT_VERSION = 1;
				DEVELOPMENT_TEAM = 3S38K76AP3;
				GENERATE_INFOPLIST_FILE = YES;
				INFOPLIST_FILE = ReadMe/Info.plist;
				INFOPLIST_KEY_UIApplicationSupportsIndirectInputEvents = YES;
				INFOPLIST_KEY_UILaunchStoryboardName = LaunchScreen;
				INFOPLIST_KEY_UIMainStoryboardFile = Main;
				INFOPLIST_KEY_UISupportedInterfaceOrientations_iPad = "UIInterfaceOrientationPortrait UIInterfaceOrientationPortraitUpsideDown UIInterfaceOrientationLandscapeLeft UIInterfaceOrientationLandscapeRight";
				INFOPLIST_KEY_UISupportedInterfaceOrientations_iPhone = "UIInterfaceOrientationPortrait UIInterfaceOrientationLandscapeLeft UIInterfaceOrientationLandscapeRight";
				LD_RUNPATH_SEARCH_PATHS = (
					"$(inherited)",
					"@executable_path/Frameworks",
				);
				MARKETING_VERSION = 1.0;
				PRODUCT_BUNDLE_IDENTIFIER = com.skanderthabet.ReadMe;
				PRODUCT_NAME = "$(TARGET_NAME)";
				SWIFT_EMIT_LOC_STRINGS = YES;
				SWIFT_VERSION = 5.0;
				TARGETED_DEVICE_FAMILY = "1,2";
			};
			name = Debug;
		};
		01F8B85F27E68EB2001D0106 /* Release */ = {
			isa = XCBuildConfiguration;
			buildSettings = {
				ASSETCATALOG_COMPILER_APPICON_NAME = AppIcon;
				ASSETCATALOG_COMPILER_GLOBAL_ACCENT_COLOR_NAME = AccentColor;
				CODE_SIGN_STYLE = Automatic;
				CURRENT_PROJECT_VERSION = 1;
				DEVELOPMENT_TEAM = 3S38K76AP3;
				GENERATE_INFOPLIST_FILE = YES;
				INFOPLIST_FILE = ReadMe/Info.plist;
				INFOPLIST_KEY_UIApplicationSupportsIndirectInputEvents = YES;
				INFOPLIST_KEY_UILaunchStoryboardName = LaunchScreen;
				INFOPLIST_KEY_UIMainStoryboardFile = Main;
				INFOPLIST_KEY_UISupportedInterfaceOrientations_iPad = "UIInterfaceOrientationPortrait UIInterfaceOrientationPortraitUpsideDown UIInterfaceOrientationLandscapeLeft UIInterfaceOrientationLandscapeRight";
				INFOPLIST_KEY_UISupportedInterfaceOrientations_iPhone = "UIInterfaceOrientationPortrait UIInterfaceOrientationLandscapeLeft UIInterfaceOrientationLandscapeRight";
				LD_RUNPATH_SEARCH_PATHS = (
					"$(inherited)",
					"@executable_path/Frameworks",
				);
				MARKETING_VERSION = 1.0;
				PRODUCT_BUNDLE_IDENTIFIER = com.skanderthabet.ReadMe;
				PRODUCT_NAME = "$(TARGET_NAME)";
				SWIFT_EMIT_LOC_STRINGS = YES;
				SWIFT_VERSION = 5.0;
				TARGETED_DEVICE_FAMILY = "1,2";
			};
			name = Release;
		};
		01F8B86127E68EB2001D0106 /* Debug */ = {
			isa = XCBuildConfiguration;
			buildSettings = {
				ALWAYS_EMBED_SWIFT_STANDARD_LIBRARIES = YES;
				BUNDLE_LOADER = "$(TEST_HOST)";
				CODE_SIGN_STYLE = Automatic;
				CURRENT_PROJECT_VERSION = 1;
				DEVELOPMENT_TEAM = 3S38K76AP3;
				GENERATE_INFOPLIST_FILE = YES;
				IPHONEOS_DEPLOYMENT_TARGET = 15.2;
				MARKETING_VERSION = 1.0;
				PRODUCT_BUNDLE_IDENTIFIER = com.skanderthabet.ReadMeTests;
				PRODUCT_NAME = "$(TARGET_NAME)";
				SWIFT_EMIT_LOC_STRINGS = NO;
				SWIFT_VERSION = 5.0;
				TARGETED_DEVICE_FAMILY = "1,2";
				TEST_HOST = "$(BUILT_PRODUCTS_DIR)/ReadMe.app/ReadMe";
			};
			name = Debug;
		};
		01F8B86227E68EB2001D0106 /* Release */ = {
			isa = XCBuildConfiguration;
			buildSettings = {
				ALWAYS_EMBED_SWIFT_STANDARD_LIBRARIES = YES;
				BUNDLE_LOADER = "$(TEST_HOST)";
				CODE_SIGN_STYLE = Automatic;
				CURRENT_PROJECT_VERSION = 1;
				DEVELOPMENT_TEAM = 3S38K76AP3;
				GENERATE_INFOPLIST_FILE = YES;
				IPHONEOS_DEPLOYMENT_TARGET = 15.2;
				MARKETING_VERSION = 1.0;
				PRODUCT_BUNDLE_IDENTIFIER = com.skanderthabet.ReadMeTests;
				PRODUCT_NAME = "$(TARGET_NAME)";
				SWIFT_EMIT_LOC_STRINGS = NO;
				SWIFT_VERSION = 5.0;
				TARGETED_DEVICE_FAMILY = "1,2";
				TEST_HOST = "$(BUILT_PRODUCTS_DIR)/ReadMe.app/ReadMe";
			};
			name = Release;
		};
		01F8B86427E68EB2001D0106 /* Debug */ = {
			isa = XCBuildConfiguration;
			buildSettings = {
				ALWAYS_EMBED_SWIFT_STANDARD_LIBRARIES = YES;
				CODE_SIGN_STYLE = Automatic;
				CURRENT_PROJECT_VERSION = 1;
				DEVELOPMENT_TEAM = 3S38K76AP3;
				GENERATE_INFOPLIST_FILE = YES;
				MARKETING_VERSION = 1.0;
				PRODUCT_BUNDLE_IDENTIFIER = com.skanderthabet.ReadMeUITests;
				PRODUCT_NAME = "$(TARGET_NAME)";
				SWIFT_EMIT_LOC_STRINGS = NO;
				SWIFT_VERSION = 5.0;
				TARGETED_DEVICE_FAMILY = "1,2";
				TEST_TARGET_NAME = ReadMe;
			};
			name = Debug;
		};
		01F8B86527E68EB2001D0106 /* Release */ = {
			isa = XCBuildConfiguration;
			buildSettings = {
				ALWAYS_EMBED_SWIFT_STANDARD_LIBRARIES = YES;
				CODE_SIGN_STYLE = Automatic;
				CURRENT_PROJECT_VERSION = 1;
				DEVELOPMENT_TEAM = 3S38K76AP3;
				GENERATE_INFOPLIST_FILE = YES;
				MARKETING_VERSION = 1.0;
				PRODUCT_BUNDLE_IDENTIFIER = com.skanderthabet.ReadMeUITests;
				PRODUCT_NAME = "$(TARGET_NAME)";
				SWIFT_EMIT_LOC_STRINGS = NO;
				SWIFT_VERSION = 5.0;
				TARGETED_DEVICE_FAMILY = "1,2";
				TEST_TARGET_NAME = ReadMe;
			};
			name = Release;
		};
/* End XCBuildConfiguration section */

/* Begin XCConfigurationList section */
		01F8B82E27E68EB1001D0106 /* Build configuration list for PBXProject "ReadMe" */ = {
			isa = XCConfigurationList;
			buildConfigurations = (
				01F8B85B27E68EB2001D0106 /* Debug */,
				01F8B85C27E68EB2001D0106 /* Release */,
			);
			defaultConfigurationIsVisible = 0;
			defaultConfigurationName = Release;
		};
		01F8B85D27E68EB2001D0106 /* Build configuration list for PBXNativeTarget "ReadMe" */ = {
			isa = XCConfigurationList;
			buildConfigurations = (
				01F8B85E27E68EB2001D0106 /* Debug */,
				01F8B85F27E68EB2001D0106 /* Release */,
			);
			defaultConfigurationIsVisible = 0;
			defaultConfigurationName = Release;
		};
		01F8B86027E68EB2001D0106 /* Build configuration list for PBXNativeTarget "ReadMeTests" */ = {
			isa = XCConfigurationList;
			buildConfigurations = (
				01F8B86127E68EB2001D0106 /* Debug */,
				01F8B86227E68EB2001D0106 /* Release */,
			);
			defaultConfigurationIsVisible = 0;
			defaultConfigurationName = Release;
		};
		01F8B86327E68EB2001D0106 /* Build configuration list for PBXNativeTarget "ReadMeUITests" */ = {
			isa = XCConfigurationList;
			buildConfigurations = (
				01F8B86427E68EB2001D0106 /* Debug */,
				01F8B86527E68EB2001D0106 /* Release */,
			);
			defaultConfigurationIsVisible = 0;
			defaultConfigurationName = Release;
		};
/* End XCConfigurationList section */
	};
	rootObject = 01F8B82B27E68EB1001D0106 /* Project object */;
}
